{
  "nodes": {
    "home-manager": {
      "inputs": {
        "nixpkgs": [
          "nixpkgs"
        ]
      },
      "locked": {
        "lastModified": 1705660020,
        "narHash": "sha256-1tOuNh+UbiZlaC8RrpQzzypgnLBC67eRlBunfkE4sbQ=",
        "owner": "nix-community",
        "repo": "home-manager",
        "rev": "2064348e555b6aa963da6372a8f14e6acb80a176",
        "type": "github"
      },
      "original": {
        "owner": "nix-community",
        "ref": "master",
        "repo": "home-manager",
        "type": "github"
      }
    },
    "nixpkgs": {
      "locked": {
        "lastModified": 1705496572,
        "narHash": "sha256-rPIe9G5EBLXdBdn9ilGc0nq082lzQd0xGGe092R/5QE=",
        "owner": "NixOS",
        "repo": "nixpkgs",
        "rev": "842d9d80cfd4560648c785f8a4e6f3b096790e19",
        "type": "github"
      },
      "original": {
        "owner": "NixOS",
        "ref": "nixos-unstable",
        "repo": "nixpkgs",
        "type": "github"
      }
    },
    "nixpkgs_2": {
      "locked": {
        "lastModified": 1704842529,
        "narHash": "sha256-OTeQA+F8d/Evad33JMfuXC89VMetQbsU4qcaePchGr4=",
        "owner": "NixOS",
        "repo": "nixpkgs",
        "rev": "eabe8d3eface69f5bb16c18f8662a702f50c20d5",
        "type": "github"
      },
      "original": {
        "owner": "NixOS",
        "ref": "nixpkgs-unstable",
        "repo": "nixpkgs",
        "type": "github"
      }
    },
    "r3playx": {
      "inputs": {
        "nixpkgs": "nixpkgs_2"
      },
      "locked": {
        "lastModified": 1705496744,
        "narHash": "sha256-Jko31zAEzMgHf9LQXml0YvTsijd9EXRUf2bx6pYFKDo=",
        "owner": "EndCredits",
        "repo": "R3PLAYX-nix",
        "rev": "5d9b0ac4e6f41247c76b02215d73421096784d25",
        "type": "github"
      },
      "original": {
        "owner": "EndCredits",
        "ref": "master",
        "repo": "R3PLAYX-nix",
        "type": "github"
      }
    },
    "root": {
      "inputs": {
        "home-manager": "home-manager",
        "nixpkgs": "nixpkgs",
        "r3playx": "r3playx"
      }
    }
  },
  "root": "root",
  "version": 7
}
