{
  "nodes": {
    "home-manager": {
      "inputs": {
        "nixpkgs": [
          "nixpkgs"
        ]
      },
      "locked": {
        "lastModified": 1705708511,
        "narHash": "sha256-3f4BkRY70Fj7yvuo87c4QQPAjnt571g2wJ50jY7hnYc=",
        "owner": "nix-community",
        "repo": "home-manager",
        "rev": "ce4b88c465d928f4f8b75d0920f1788d5b65ca94",
        "type": "github"
      },
      "original": {
        "owner": "nix-community",
        "ref": "master",
        "repo": "home-manager",
        "type": "github"
      }
    },
    "nixpkgs": {
      "locked": {
        "lastModified": 1705496572,
        "narHash": "sha256-rPIe9G5EBLXdBdn9ilGc0nq082lzQd0xGGe092R/5QE=",
        "owner": "NixOS",
        "repo": "nixpkgs",
        "rev": "842d9d80cfd4560648c785f8a4e6f3b096790e19",
        "type": "github"
      },
      "original": {
        "owner": "NixOS",
        "ref": "nixos-unstable",
        "repo": "nixpkgs",
        "type": "github"
      }
    },
    "nixpkgs_2": {
      "locked": {
        "lastModified": 1704842529,
        "narHash": "sha256-OTeQA+F8d/Evad33JMfuXC89VMetQbsU4qcaePchGr4=",
        "owner": "NixOS",
        "repo": "nixpkgs",
        "rev": "eabe8d3eface69f5bb16c18f8662a702f50c20d5",
        "type": "github"
      },
      "original": {
        "owner": "NixOS",
        "ref": "nixpkgs-unstable",
        "repo": "nixpkgs",
        "type": "github"
      }
    },
    "r3playx": {
      "inputs": {
        "nixpkgs": "nixpkgs_2"
      },
      "locked": {
        "lastModified": 1705758135,
        "narHash": "sha256-fvsVE2uJ+XImi5OVQv/UI/YICWoYvY5+mZw2Gh6u6Rs=",
        "owner": "EndCredits",
        "repo": "R3PLAYX-nix",
        "rev": "0179122cedaee6f92f9fa162d06c6b603814e7fb",
        "type": "github"
      },
      "original": {
        "owner": "EndCredits",
        "ref": "master",
        "repo": "R3PLAYX-nix",
        "type": "github"
      }
    },
    "root": {
      "inputs": {
        "home-manager": "home-manager",
        "nixpkgs": "nixpkgs",
        "r3playx": "r3playx"
      }
    }
  },
  "root": "root",
  "version": 7
}
